
Microsoft Visual Studio Solution File, Format Version 12.00
# Visual Studio Version 16
VisualStudioVersion = 16.0.30611.23
MinimumVisualStudioVersion = 10.0.40219.1
Project("{FAE04EC0-301F-11D3-BF4B-00C04F79EFBC}") = "Oslo-private-samlinger-tracker", "Oslo-private-samlinger-tracker\Oslo-private-samlinger-tracker.csproj", "{2FC8E0E4-A654-4ED5-9F04-BC0CD31D8707}"
EndProject
Global
	GlobalSection(SolutionConfigurationPlatforms) = preSolution
		Debug|Any CPU = Debug|Any CPU
		Release|Any CPU = Release|Any CPU
	EndGlobalSection
	GlobalSection(ProjectConfigurationPlatforms) = postSolution
		{2FC8E0E4-A654-4ED5-9F04-BC0CD31D8707}.Debug|Any CPU.ActiveCfg = Debug|Any CPU
		{2FC8E0E4-A654-4ED5-9F04-BC0CD31D8707}.Debug|Any CPU.Build.0 = Debug|Any CPU
		{2FC8E0E4-A654-4ED5-9F04-BC0CD31D8707}.Release|Any CPU.ActiveCfg = Release|Any CPU
		{2FC8E0E4-A654-4ED5-9F04-BC0CD31D8707}.Release|Any CPU.Build.0 = Release|Any CPU
	EndGlobalSection
	GlobalSection(SolutionProperties) = preSolution
		HideSolutionNode = FALSE
	EndGlobalSection
	GlobalSection(ExtensibilityGlobals) = postSolution
		SolutionGuid = {7B7EEAB2-CB78-4D81-BEF2-4922B6C7548C}
	EndGlobalSection
EndGlobal
